// !$*UTF8*$!
{
	archiveVersion = 1;
	classes = {
	};
	objectVersion = 56;
	objects = {

/* Begin PBXBuildFile section */
		450F1E0D29B0FA0B00A21A17 /* NaturalLanguageProcesser.swift in Sources */ = {isa = PBXBuildFile; fileRef = 450F1E0C29B0FA0B00A21A17 /* NaturalLanguageProcesser.swift */; };
		4519F76629AB6F41009414CA /* Lomepal.mp3 in Resources */ = {isa = PBXBuildFile; fileRef = 4519F76529AB6F41009414CA /* Lomepal.mp3 */; };
		4519F76A29AB7C43009414CA /* MusicPlayerManager.swift in Sources */ = {isa = PBXBuildFile; fileRef = 4519F76929AB7C43009414CA /* MusicPlayerManager.swift */; };
		454CF596299E9AF6002DDD54 /* SpeechRecognizer.swift in Sources */ = {isa = PBXBuildFile; fileRef = 454CF595299E9AF6002DDD54 /* SpeechRecognizer.swift */; };
		454F3B7129C36D240019A6EC /* AudioRecorder.swift in Sources */ = {isa = PBXBuildFile; fileRef = 454F3B7029C36D240019A6EC /* AudioRecorder.swift */; };
		45A2D87929C2FDB800F125DB /* AntoineDanielASRTestPart.mp3 in Resources */ = {isa = PBXBuildFile; fileRef = 45A2D87829C2FDB800F125DB /* AntoineDanielASRTestPart.mp3 */; };
		45D468152996834900573475 /* BasicFunctions.swift in Sources */ = {isa = PBXBuildFile; fileRef = 45D468142996834900573475 /* BasicFunctions.swift */; };
		45EDA8F02992646E00C03356 /* DisCeriUIApp.swift in Sources */ = {isa = PBXBuildFile; fileRef = 45EDA8EF2992646E00C03356 /* DisCeriUIApp.swift */; };
		45EDA8F22992646E00C03356 /* ContentView.swift in Sources */ = {isa = PBXBuildFile; fileRef = 45EDA8F12992646E00C03356 /* ContentView.swift */; };
		45EDA8F42992647300C03356 /* Assets.xcassets in Resources */ = {isa = PBXBuildFile; fileRef = 45EDA8F32992647300C03356 /* Assets.xcassets */; };
		45EDA8F72992647300C03356 /* Preview Assets.xcassets in Resources */ = {isa = PBXBuildFile; fileRef = 45EDA8F62992647300C03356 /* Preview Assets.xcassets */; };
		45EF348129C21B6F00DCDAFC /* ASRSoapRequest.swift in Sources */ = {isa = PBXBuildFile; fileRef = 45EF348029C21B6F00DCDAFC /* ASRSoapRequest.swift */; };
		45EF348429C21BC800DCDAFC /* Swifter in Frameworks */ = {isa = PBXBuildFile; productRef = 45EF348329C21BC800DCDAFC /* Swifter */; };
		45EF348629C21DEB00DCDAFC /* MacronASRTestPart.mp3 in Resources */ = {isa = PBXBuildFile; fileRef = 45EF348529C21DEB00DCDAFC /* MacronASRTestPart.mp3 */; };
/* End PBXBuildFile section */

/* Begin PBXFileReference section */
		450F1E0C29B0FA0B00A21A17 /* NaturalLanguageProcesser.swift */ = {isa = PBXFileReference; lastKnownFileType = sourcecode.swift; path = NaturalLanguageProcesser.swift; sourceTree = "<group>"; };
		4519F76529AB6F41009414CA /* Lomepal.mp3 */ = {isa = PBXFileReference; lastKnownFileType = audio.mp3; path = Lomepal.mp3; sourceTree = "<group>"; };
		4519F76929AB7C43009414CA /* MusicPlayerManager.swift */ = {isa = PBXFileReference; lastKnownFileType = sourcecode.swift; path = MusicPlayerManager.swift; sourceTree = "<group>"; };
		454CF595299E9AF6002DDD54 /* SpeechRecognizer.swift */ = {isa = PBXFileReference; lastKnownFileType = sourcecode.swift; path = SpeechRecognizer.swift; sourceTree = "<group>"; };
		454F3B7029C36D240019A6EC /* AudioRecorder.swift */ = {isa = PBXFileReference; lastKnownFileType = sourcecode.swift; path = AudioRecorder.swift; sourceTree = "<group>"; };
		45A2D87829C2FDB800F125DB /* AntoineDanielASRTestPart.mp3 */ = {isa = PBXFileReference; lastKnownFileType = audio.mp3; path = AntoineDanielASRTestPart.mp3; sourceTree = "<group>"; };
		45D468142996834900573475 /* BasicFunctions.swift */ = {isa = PBXFileReference; fileEncoding = 4; lastKnownFileType = sourcecode.swift; path = BasicFunctions.swift; sourceTree = "<group>"; };
		45EDA8EC2992646E00C03356 /* DisCeri.app */ = {isa = PBXFileReference; explicitFileType = wrapper.application; includeInIndex = 0; path = DisCeri.app; sourceTree = BUILT_PRODUCTS_DIR; };
		45EDA8EF2992646E00C03356 /* DisCeriUIApp.swift */ = {isa = PBXFileReference; lastKnownFileType = sourcecode.swift; path = DisCeriUIApp.swift; sourceTree = "<group>"; };
		45EDA8F12992646E00C03356 /* ContentView.swift */ = {isa = PBXFileReference; lastKnownFileType = sourcecode.swift; path = ContentView.swift; sourceTree = "<group>"; };
		45EDA8F32992647300C03356 /* Assets.xcassets */ = {isa = PBXFileReference; lastKnownFileType = folder.assetcatalog; path = Assets.xcassets; sourceTree = "<group>"; };
		45EDA8F62992647300C03356 /* Preview Assets.xcassets */ = {isa = PBXFileReference; lastKnownFileType = folder.assetcatalog; path = "Preview Assets.xcassets"; sourceTree = "<group>"; };
		45EF348029C21B6F00DCDAFC /* ASRSoapRequest.swift */ = {isa = PBXFileReference; lastKnownFileType = sourcecode.swift; path = ASRSoapRequest.swift; sourceTree = "<group>"; };
		45EF348529C21DEB00DCDAFC /* MacronASRTestPart.mp3 */ = {isa = PBXFileReference; lastKnownFileType = audio.mp3; path = MacronASRTestPart.mp3; sourceTree = "<group>"; };
/* End PBXFileReference section */

/* Begin PBXFrameworksBuildPhase section */
		45EDA8E92992646E00C03356 /* Frameworks */ = {
			isa = PBXFrameworksBuildPhase;
			buildActionMask = 2147483647;
			files = (
				45EF348429C21BC800DCDAFC /* Swifter in Frameworks */,
			);
			runOnlyForDeploymentPostprocessing = 0;
		};
/* End PBXFrameworksBuildPhase section */

/* Begin PBXGroup section */
		45EDA8E32992646E00C03356 = {
			isa = PBXGroup;
			children = (
				45EDA8EE2992646E00C03356 /* DisCeriUI */,
				45EDA8ED2992646E00C03356 /* Products */,
			);
			sourceTree = "<group>";
		};
		45EDA8ED2992646E00C03356 /* Products */ = {
			isa = PBXGroup;
			children = (
				45EDA8EC2992646E00C03356 /* DisCeri.app */,
			);
			name = Products;
			sourceTree = "<group>";
		};
		45EDA8EE2992646E00C03356 /* DisCeriUI */ = {
			isa = PBXGroup;
			children = (
				45EDA8EF2992646E00C03356 /* DisCeriUIApp.swift */,
				45EDA8F12992646E00C03356 /* ContentView.swift */,
				454F3B7029C36D240019A6EC /* AudioRecorder.swift */,
				45EF348029C21B6F00DCDAFC /* ASRSoapRequest.swift */,
				4519F76929AB7C43009414CA /* MusicPlayerManager.swift */,
				45EDA8F32992647300C03356 /* Assets.xcassets */,
				454CF595299E9AF6002DDD54 /* SpeechRecognizer.swift */,
				45D468142996834900573475 /* BasicFunctions.swift */,
				450F1E0C29B0FA0B00A21A17 /* NaturalLanguageProcesser.swift */,
				45EDA8F52992647300C03356 /* Preview Content */,
				45EF348529C21DEB00DCDAFC /* MacronASRTestPart.mp3 */,
				45A2D87829C2FDB800F125DB /* AntoineDanielASRTestPart.mp3 */,
				4519F76529AB6F41009414CA /* Lomepal.mp3 */,
			);
			path = DisCeriUI;
			sourceTree = "<group>";
		};
		45EDA8F52992647300C03356 /* Preview Content */ = {
			isa = PBXGroup;
			children = (
				45EDA8F62992647300C03356 /* Preview Assets.xcassets */,
			);
			path = "Preview Content";
			sourceTree = "<group>";
		};
/* End PBXGroup section */

/* Begin PBXNativeTarget section */
		45EDA8EB2992646E00C03356 /* DisCeri */ = {
			isa = PBXNativeTarget;
			buildConfigurationList = 45EDA8FA2992647300C03356 /* Build configuration list for PBXNativeTarget "DisCeri" */;
			buildPhases = (
				45EDA8E82992646E00C03356 /* Sources */,
				45EDA8E92992646E00C03356 /* Frameworks */,
				45EDA8EA2992646E00C03356 /* Resources */,
			);
			buildRules = (
			);
			dependencies = (
			);
			name = DisCeri;
			packageProductDependencies = (
				45EF348329C21BC800DCDAFC /* Swifter */,
			);
			productName = TestUI;
			productReference = 45EDA8EC2992646E00C03356 /* DisCeri.app */;
			productType = "com.apple.product-type.application";
		};
/* End PBXNativeTarget section */

/* Begin PBXProject section */
		45EDA8E42992646E00C03356 /* Project object */ = {
			isa = PBXProject;
			attributes = {
				BuildIndependentTargetsInParallel = 1;
				LastSwiftUpdateCheck = 1410;
				LastUpgradeCheck = 1410;
				TargetAttributes = {
					45EDA8EB2992646E00C03356 = {
						CreatedOnToolsVersion = 14.1;
					};
				};
			};
			buildConfigurationList = 45EDA8E72992646E00C03356 /* Build configuration list for PBXProject "DisCeri" */;
			compatibilityVersion = "Xcode 14.0";
			developmentRegion = en;
			hasScannedForEncodings = 0;
			knownRegions = (
				en,
				Base,
			);
			mainGroup = 45EDA8E32992646E00C03356;
			packageReferences = (
				45EF348229C21BC800DCDAFC /* XCRemoteSwiftPackageReference "swifter" */,
			);
			productRefGroup = 45EDA8ED2992646E00C03356 /* Products */;
			projectDirPath = "";
			projectRoot = "";
			targets = (
				45EDA8EB2992646E00C03356 /* DisCeri */,
			);
		};
/* End PBXProject section */

/* Begin PBXResourcesBuildPhase section */
		45EDA8EA2992646E00C03356 /* Resources */ = {
			isa = PBXResourcesBuildPhase;
			buildActionMask = 2147483647;
			files = (
				45A2D87929C2FDB800F125DB /* AntoineDanielASRTestPart.mp3 in Resources */,
				45EF348629C21DEB00DCDAFC /* MacronASRTestPart.mp3 in Resources */,
				45EDA8F72992647300C03356 /* Preview Assets.xcassets in Resources */,
				45EDA8F42992647300C03356 /* Assets.xcassets in Resources */,
				4519F76629AB6F41009414CA /* Lomepal.mp3 in Resources */,
			);
			runOnlyForDeploymentPostprocessing = 0;
		};
/* End PBXResourcesBuildPhase section */

/* Begin PBXSourcesBuildPhase section */
		45EDA8E82992646E00C03356 /* Sources */ = {
			isa = PBXSourcesBuildPhase;
			buildActionMask = 2147483647;
			files = (
				450F1E0D29B0FA0B00A21A17 /* NaturalLanguageProcesser.swift in Sources */,
				45D468152996834900573475 /* BasicFunctions.swift in Sources */,
				454CF596299E9AF6002DDD54 /* SpeechRecognizer.swift in Sources */,
				45EDA8F22992646E00C03356 /* ContentView.swift in Sources */,
				45EF348129C21B6F00DCDAFC /* ASRSoapRequest.swift in Sources */,
				454F3B7129C36D240019A6EC /* AudioRecorder.swift in Sources */,
				4519F76A29AB7C43009414CA /* MusicPlayerManager.swift in Sources */,
				45EDA8F02992646E00C03356 /* DisCeriUIApp.swift in Sources */,
			);
			runOnlyForDeploymentPostprocessing = 0;
		};
/* End PBXSourcesBuildPhase section */

/* Begin XCBuildConfiguration section */
		45EDA8F82992647300C03356 /* Debug */ = {
			isa = XCBuildConfiguration;
			buildSettings = {
				ALWAYS_SEARCH_USER_PATHS = NO;
				CLANG_ANALYZER_NONNULL = YES;
				CLANG_ANALYZER_NUMBER_OBJECT_CONVERSION = YES_AGGRESSIVE;
				CLANG_CXX_LANGUAGE_STANDARD = "gnu++20";
				CLANG_ENABLE_MODULES = YES;
				CLANG_ENABLE_OBJC_ARC = YES;
				CLANG_ENABLE_OBJC_WEAK = YES;
				CLANG_WARN_BLOCK_CAPTURE_AUTORELEASING = YES;
				CLANG_WARN_BOOL_CONVERSION = YES;
				CLANG_WARN_COMMA = YES;
				CLANG_WARN_CONSTANT_CONVERSION = YES;
				CLANG_WARN_DEPRECATED_OBJC_IMPLEMENTATIONS = YES;
				CLANG_WARN_DIRECT_OBJC_ISA_USAGE = YES_ERROR;
				CLANG_WARN_DOCUMENTATION_COMMENTS = YES;
				CLANG_WARN_EMPTY_BODY = YES;
				CLANG_WARN_ENUM_CONVERSION = YES;
				CLANG_WARN_INFINITE_RECURSION = YES;
				CLANG_WARN_INT_CONVERSION = YES;
				CLANG_WARN_NON_LITERAL_NULL_CONVERSION = YES;
				CLANG_WARN_OBJC_IMPLICIT_RETAIN_SELF = YES;
				CLANG_WARN_OBJC_LITERAL_CONVERSION = YES;
				CLANG_WARN_OBJC_ROOT_CLASS = YES_ERROR;
				CLANG_WARN_QUOTED_INCLUDE_IN_FRAMEWORK_HEADER = YES;
				CLANG_WARN_RANGE_LOOP_ANALYSIS = YES;
				CLANG_WARN_STRICT_PROTOTYPES = YES;
				CLANG_WARN_SUSPICIOUS_MOVE = YES;
				CLANG_WARN_UNGUARDED_AVAILABILITY = YES_AGGRESSIVE;
				CLANG_WARN_UNREACHABLE_CODE = YES;
				CLANG_WARN__DUPLICATE_METHOD_MATCH = YES;
				COPY_PHASE_STRIP = NO;
				DEBUG_INFORMATION_FORMAT = dwarf;
				ENABLE_STRICT_OBJC_MSGSEND = YES;
				ENABLE_TESTABILITY = YES;
				GCC_C_LANGUAGE_STANDARD = gnu11;
				GCC_DYNAMIC_NO_PIC = NO;
				GCC_NO_COMMON_BLOCKS = YES;
				GCC_OPTIMIZATION_LEVEL = 0;
				GCC_PREPROCESSOR_DEFINITIONS = (
					"DEBUG=1",
					"$(inherited)",
				);
				GCC_WARN_64_TO_32_BIT_CONVERSION = YES;
				GCC_WARN_ABOUT_RETURN_TYPE = YES_ERROR;
				GCC_WARN_UNDECLARED_SELECTOR = YES;
				GCC_WARN_UNINITIALIZED_AUTOS = YES_AGGRESSIVE;
				GCC_WARN_UNUSED_FUNCTION = YES;
				GCC_WARN_UNUSED_VARIABLE = YES;
				IPHONEOS_DEPLOYMENT_TARGET = 16.1;
				MTL_ENABLE_DEBUG_INFO = INCLUDE_SOURCE;
				MTL_FAST_MATH = YES;
				ONLY_ACTIVE_ARCH = YES;
				SDKROOT = iphoneos;
				SWIFT_ACTIVE_COMPILATION_CONDITIONS = DEBUG;
				SWIFT_OPTIMIZATION_LEVEL = "-Onone";
			};
			name = Debug;
		};
		45EDA8F92992647300C03356 /* Release */ = {
			isa = XCBuildConfiguration;
			buildSettings = {
				ALWAYS_SEARCH_USER_PATHS = NO;
				CLANG_ANALYZER_NONNULL = YES;
				CLANG_ANALYZER_NUMBER_OBJECT_CONVERSION = YES_AGGRESSIVE;
				CLANG_CXX_LANGUAGE_STANDARD = "gnu++20";
				CLANG_ENABLE_MODULES = YES;
				CLANG_ENABLE_OBJC_ARC = YES;
				CLANG_ENABLE_OBJC_WEAK = YES;
				CLANG_WARN_BLOCK_CAPTURE_AUTORELEASING = YES;
				CLANG_WARN_BOOL_CONVERSION = YES;
				CLANG_WARN_COMMA = YES;
				CLANG_WARN_CONSTANT_CONVERSION = YES;
				CLANG_WARN_DEPRECATED_OBJC_IMPLEMENTATIONS = YES;
				CLANG_WARN_DIRECT_OBJC_ISA_USAGE = YES_ERROR;
				CLANG_WARN_DOCUMENTATION_COMMENTS = YES;
				CLANG_WARN_EMPTY_BODY = YES;
				CLANG_WARN_ENUM_CONVERSION = YES;
				CLANG_WARN_INFINITE_RECURSION = YES;
				CLANG_WARN_INT_CONVERSION = YES;
				CLANG_WARN_NON_LITERAL_NULL_CONVERSION = YES;
				CLANG_WARN_OBJC_IMPLICIT_RETAIN_SELF = YES;
				CLANG_WARN_OBJC_LITERAL_CONVERSION = YES;
				CLANG_WARN_OBJC_ROOT_CLASS = YES_ERROR;
				CLANG_WARN_QUOTED_INCLUDE_IN_FRAMEWORK_HEADER = YES;
				CLANG_WARN_RANGE_LOOP_ANALYSIS = YES;
				CLANG_WARN_STRICT_PROTOTYPES = YES;
				CLANG_WARN_SUSPICIOUS_MOVE = YES;
				CLANG_WARN_UNGUARDED_AVAILABILITY = YES_AGGRESSIVE;
				CLANG_WARN_UNREACHABLE_CODE = YES;
				CLANG_WARN__DUPLICATE_METHOD_MATCH = YES;
				COPY_PHASE_STRIP = NO;
				DEBUG_INFORMATION_FORMAT = "dwarf-with-dsym";
				ENABLE_NS_ASSERTIONS = NO;
				ENABLE_STRICT_OBJC_MSGSEND = YES;
				GCC_C_LANGUAGE_STANDARD = gnu11;
				GCC_NO_COMMON_BLOCKS = YES;
				GCC_WARN_64_TO_32_BIT_CONVERSION = YES;
				GCC_WARN_ABOUT_RETURN_TYPE = YES_ERROR;
				GCC_WARN_UNDECLARED_SELECTOR = YES;
				GCC_WARN_UNINITIALIZED_AUTOS = YES_AGGRESSIVE;
				GCC_WARN_UNUSED_FUNCTION = YES;
				GCC_WARN_UNUSED_VARIABLE = YES;
				IPHONEOS_DEPLOYMENT_TARGET = 16.1;
				MTL_ENABLE_DEBUG_INFO = NO;
				MTL_FAST_MATH = YES;
				SDKROOT = iphoneos;
				SWIFT_COMPILATION_MODE = wholemodule;
				SWIFT_OPTIMIZATION_LEVEL = "-O";
				VALIDATE_PRODUCT = YES;
			};
			name = Release;
		};
		45EDA8FB2992647300C03356 /* Debug */ = {
			isa = XCBuildConfiguration;
			buildSettings = {
				ASSETCATALOG_COMPILER_APPICON_NAME = AppIcon;
				ASSETCATALOG_COMPILER_GLOBAL_ACCENT_COLOR_NAME = AccentColor;
				CODE_SIGN_STYLE = Automatic;
				CURRENT_PROJECT_VERSION = 1;
				DEVELOPMENT_ASSET_PATHS = "\"DisCeriUI/Preview Content\"";
				DEVELOPMENT_TEAM = ATL5R5VHCG;
				ENABLE_PREVIEWS = YES;
				GENERATE_INFOPLIST_FILE = YES;
				INFOPLIST_KEY_NSMicrophoneUsageDescription = "";
				INFOPLIST_KEY_NSSpeechRecognitionUsageDescription = "";
				INFOPLIST_KEY_UIApplicationSceneManifest_Generation = YES;
				INFOPLIST_KEY_UIApplicationSupportsIndirectInputEvents = YES;
				INFOPLIST_KEY_UILaunchScreen_Generation = YES;
				INFOPLIST_KEY_UISupportedInterfaceOrientations_iPad = "UIInterfaceOrientationPortrait UIInterfaceOrientationPortraitUpsideDown UIInterfaceOrientationLandscapeLeft UIInterfaceOrientationLandscapeRight";
				INFOPLIST_KEY_UISupportedInterfaceOrientations_iPhone = "UIInterfaceOrientationPortrait UIInterfaceOrientationLandscapeLeft UIInterfaceOrientationLandscapeRight";
				LD_RUNPATH_SEARCH_PATHS = (
					"$(inherited)",
					"@executable_path/Frameworks",
				);
				MARKETING_VERSION = 1.0;
				PRODUCT_BUNDLE_IDENTIFIER = com.ST.TestUI;
				PRODUCT_NAME = "$(TARGET_NAME)";
				SWIFT_EMIT_LOC_STRINGS = YES;
				SWIFT_VERSION = 5.0;
				TARGETED_DEVICE_FAMILY = "1,2";
			};
			name = Debug;
		};
		45EDA8FC2992647300C03356 /* Release */ = {
			isa = XCBuildConfiguration;
			buildSettings = {
				ASSETCATALOG_COMPILER_APPICON_NAME = AppIcon;
				ASSETCATALOG_COMPILER_GLOBAL_ACCENT_COLOR_NAME = AccentColor;
				CODE_SIGN_STYLE = Automatic;
				CURRENT_PROJECT_VERSION = 1;
				DEVELOPMENT_ASSET_PATHS = "\"DisCeriUI/Preview Content\"";
				DEVELOPMENT_TEAM = ATL5R5VHCG;
				ENABLE_PREVIEWS = YES;
				GENERATE_INFOPLIST_FILE = YES;
				INFOPLIST_KEY_NSMicrophoneUsageDescription = "";
				INFOPLIST_KEY_NSSpeechRecognitionUsageDescription = "";
				INFOPLIST_KEY_UIApplicationSceneManifest_Generation = YES;
				INFOPLIST_KEY_UIApplicationSupportsIndirectInputEvents = YES;
				INFOPLIST_KEY_UILaunchScreen_Generation = YES;
				INFOPLIST_KEY_UISupportedInterfaceOrientations_iPad = "UIInterfaceOrientationPortrait UIInterfaceOrientationPortraitUpsideDown UIInterfaceOrientationLandscapeLeft UIInterfaceOrientationLandscapeRight";
				INFOPLIST_KEY_UISupportedInterfaceOrientations_iPhone = "UIInterfaceOrientationPortrait UIInterfaceOrientationLandscapeLeft UIInterfaceOrientationLandscapeRight";
				LD_RUNPATH_SEARCH_PATHS = (
					"$(inherited)",
					"@executable_path/Frameworks",
				);
				MARKETING_VERSION = 1.0;
				PRODUCT_BUNDLE_IDENTIFIER = com.ST.TestUI;
				PRODUCT_NAME = "$(TARGET_NAME)";
				SWIFT_EMIT_LOC_STRINGS = YES;
				SWIFT_VERSION = 5.0;
				TARGETED_DEVICE_FAMILY = "1,2";
			};
			name = Release;
		};
/* End XCBuildConfiguration section */

/* Begin XCConfigurationList section */
		45EDA8E72992646E00C03356 /* Build configuration list for PBXProject "DisCeri" */ = {
			isa = XCConfigurationList;
			buildConfigurations = (
				45EDA8F82992647300C03356 /* Debug */,
				45EDA8F92992647300C03356 /* Release */,
			);
			defaultConfigurationIsVisible = 0;
			defaultConfigurationName = Release;
		};
		45EDA8FA2992647300C03356 /* Build configuration list for PBXNativeTarget "DisCeri" */ = {
			isa = XCConfigurationList;
			buildConfigurations = (
				45EDA8FB2992647300C03356 /* Debug */,
				45EDA8FC2992647300C03356 /* Release */,
			);
			defaultConfigurationIsVisible = 0;
			defaultConfigurationName = Release;
		};
/* End XCConfigurationList section */

/* Begin XCRemoteSwiftPackageReference section */
		45EF348229C21BC800DCDAFC /* XCRemoteSwiftPackageReference "swifter" */ = {
			isa = XCRemoteSwiftPackageReference;
			repositoryURL = "https://github.com/httpswift/swifter.git";
			requirement = {
				branch = stable;
				kind = branch;
			};
		};
/* End XCRemoteSwiftPackageReference section */

/* Begin XCSwiftPackageProductDependency section */
		45EF348329C21BC800DCDAFC /* Swifter */ = {
			isa = XCSwiftPackageProductDependency;
			package = 45EF348229C21BC800DCDAFC /* XCRemoteSwiftPackageReference "swifter" */;
			productName = Swifter;
		};
/* End XCSwiftPackageProductDependency section */
	};
	rootObject = 45EDA8E42992646E00C03356 /* Project object */;
}
